{
  "nodes": {
    "cavekit": {
      "flake": false,
      "locked": {
        "lastModified": 1786745271,
        "narHash": "sha256-yU6ript+vuo6w5pYwj5bXXZHJ4WXoSy5ef/s1PM+Y7E=",
        "ref": "main",
        "rev": "7421e87d5b517c415c519ddf58a3dd10ba842530",
        "shallow": true,
        "type": "git",
        "url": "https://github.com/JuliusBrussee/cavekit"
      },
      "original": {
        "ref": "main",
        "shallow": true,
        "type": "git",
        "url": "https://github.com/JuliusBrussee/cavekit"
      }
    },
    "home-manager": {
      "inputs": {
        "nixpkgs": [
          "nixpkgs"
        ]
      },
      "locked": {
        "lastModified": 1790996401,
        "narHash": "sha256-f+kOxEmOUnQazVAmGg0i8hzwgd1kX/geY+k/Dpheye8=",
        "ref": "release-26.05",
        "rev": "db7d5e2332710f5abb088f6b5de927d7f9511b35",
        "shallow": true,
        "type": "git",
        "url": "https://github.com/nix-community/home-manager"
      },
      "original": {
        "ref": "release-26.05",
        "shallow": true,
        "type": "git",
        "url": "https://github.com/nix-community/home-manager"
      }
    },
    "itok": {
      "inputs": {
        "hk": [
          "nix-hk"
        ],
        "microlith": [
          "microlith"
        ],
        "nixpkgs": [
          "itok",
          "nixpkgs-lock",
          "nixpkgs"
        ],
        "nixpkgs-lock": [
          "nixpkgs-lock"
        ]
      },
      "locked": {
        "lastModified": 1787390756,
        "narHash": "sha256-sqRCaH/geTFiANjUWoXkbbQnohFCuybCOgohK8gwk+Q=",
        "ref": "refs/tags/v0.3.1",
        "rev": "f6b6b7222d1858c1003906c519fdb363b36df2d9",
        "shallow": true,
        "type": "git",
        "url": "https://github.com/pr0d1r2/itok"
      },
      "original": {
        "ref": "refs/tags/v0.3.1",
        "shallow": true,
        "type": "git",
        "url": "https://github.com/pr0d1r2/itok"
      }
    },
    "microlith": {
      "inputs": {
        "itok": [
          "itok"
        ],
        "nix-hk": [
          "nix-hk"
        ],
        "nixpkgs": [
          "microlith",
          "nixpkgs-lock",
          "nixpkgs"
        ],
        "nixpkgs-lock": [
          "nixpkgs-lock"
        ]
      },
      "locked": {
        "lastModified": 1789925744,
        "narHash": "sha256-uNVVUqzh7Od5UzDhKu5X7R3Xeje/8vmk0zOGbu5SsQE=",
        "ref": "refs/tags/v0.7.3",
        "rev": "58a36c3bc90b76e1f561996b14cf3beaf9a40ed2",
        "shallow": true,
        "type": "git",
        "url": "https://github.com/pr0d1r2/microlith"
      },
      "original": {
        "ref": "refs/tags/v0.7.3",
        "shallow": true,
        "type": "git",
        "url": "https://github.com/pr0d1r2/microlith"
      }
    },
    "nix-hk": {
      "inputs": {
        "nixpkgs": [
          "nix-hk",
          "nixpkgs-lock",
          "nixpkgs"
        ],
        "nixpkgs-lock": [
          "nixpkgs-lock"
        ]
      },
      "locked": {
        "lastModified": 1789817970,
        "narHash": "sha256-q/pSSRnGdouzdH8dtQUV2ZhMeNB/B9dNXlwS7U8HEts=",
        "ref": "main",
        "rev": "a063d34d951e733086a63b6704dad12ac9934d3f",
        "shallow": true,
        "type": "git",
        "url": "https://github.com/pr0d1r2/nix-hk"
      },
      "original": {
        "ref": "main",
        "shallow": true,
        "type": "git",
        "url": "https://github.com/pr0d1r2/nix-hk"
      }
    },
    "nix-home-manager-claude-code": {
      "flake": false,
      "locked": {
        "lastModified": 1787453563,
        "narHash": "sha256-fPVS5Hk7WIQ2IE+aTxuM2FQGSTePeVGlRBKFvX2waLk=",
        "ref": "main",
        "rev": "0ba21fb0077d82ef8d25981426d5f8441fe3ac94",
        "shallow": true,
        "type": "git",
        "url": "https://github.com/pr0d1r2/nix-home-manager-claude-code"
      },
      "original": {
        "ref": "main",
        "shallow": true,
        "type": "git",
        "url": "https://github.com/pr0d1r2/nix-home-manager-claude-code"
      }
    },
    "nixpkgs": {
      "locked": {
        "lastModified": 1791353474,
        "narHash": "sha256-v72qr4LsSz61tQki/41nHKZKPY6NSeZavtGlAInOCng=",
        "owner": "NixOS",
        "repo": "nixpkgs",
        "rev": "2efa67fd26b6df417c33e4603185c701f260dd83",
        "type": "github"
      },
      "original": {
        "owner": "NixOS",
        "ref": "nixos-26.05",
        "repo": "nixpkgs",
        "type": "github"
      }
    },
    "nixpkgs-lock": {
      "inputs": {
        "nixpkgs": "nixpkgs"
      },
      "locked": {
        "lastModified": 1791412740,
        "narHash": "sha256-S3QSyP7uVAjm60L4jJIk8iV2VxOkprLfcm4GFgkD2a4=",
        "ref": "main",
        "rev": "57c28adf21be97c4eb31b65279a6bfa1c8e34da6",
        "shallow": true,
        "type": "git",
        "url": "https://github.com/pr0d1r2/nixpkgs-lock"
      },
      "original": {
        "ref": "main",
        "shallow": true,
        "type": "git",
        "url": "https://github.com/pr0d1r2/nixpkgs-lock"
      }
    },
    "root": {
      "inputs": {
        "cavekit": "cavekit",
        "home-manager": "home-manager",
        "itok": "itok",
        "microlith": "microlith",
        "nix-hk": "nix-hk",
        "nix-home-manager-claude-code": "nix-home-manager-claude-code",
        "nixpkgs": [
          "nixpkgs-lock",
          "nixpkgs"
        ],
        "nixpkgs-lock": "nixpkgs-lock",
        "set-and-setting": "set-and-setting",
        "sherd": "sherd",
        "xenolith": "xenolith"
      }
    },
    "set-and-setting": {
      "flake": false,
      "locked": {
        "lastModified": 1790957371,
        "narHash": "sha256-iL/YEzut0I+3i1fNnKSsZi8pJMGftE0hS2Mq1JEIUn4=",
        "ref": "main",
        "rev": "c54b884879d64492523421472069bf7709c912d3",
        "shallow": true,
        "type": "git",
        "url": "https://github.com/pr0d1r2/set-and-setting"
      },
      "original": {
        "ref": "main",
        "shallow": true,
        "type": "git",
        "url": "https://github.com/pr0d1r2/set-and-setting"
      }
    },
    "sherd": {
      "inputs": {
        "nix-hk": [
          "nix-hk"
        ],
        "nixpkgs": [
          "sherd",
          "nixpkgs-lock",
          "nixpkgs"
        ],
        "nixpkgs-lock": [
          "nixpkgs-lock"
        ]
      },
      "locked": {
        "lastModified": 1791020948,
        "narHash": "sha256-eZhxU54+S5GY8UOSzzkEtqB/UIJVkofNw5U1sEBFxVo=",
        "ref": "refs/tags/v0.5.3",
        "rev": "014357299f560b9a467341cd9db023e477347520",
        "shallow": true,
        "type": "git",
        "url": "https://github.com/pr0d1r2/sherd"
      },
      "original": {
        "ref": "refs/tags/v0.5.3",
        "shallow": true,
        "type": "git",
        "url": "https://github.com/pr0d1r2/sherd"
      }
    },
    "xenolith": {
      "inputs": {
        "itok": [
          "itok"
        ],
        "microlith": [
          "microlith"
        ],
        "nix-hk": [
          "nix-hk"
        ],
        "nixpkgs": [
          "xenolith",
          "nixpkgs-lock",
          "nixpkgs"
        ],
        "nixpkgs-lock": [
          "nixpkgs-lock"
        ]
      },
      "locked": {
        "lastModified": 1790778663,
        "narHash": "sha256-dty/jwRnM+80PSXzguDC3h3Od+ylxRqMYcrS45vylXw=",
        "ref": "main",
        "rev": "917b3ee017d8e405314a246a09f78b7bbbf63dba",
        "shallow": true,
        "type": "git",
        "url": "https://github.com/pr0d1r2/xenolith"
      },
      "original": {
        "ref": "main",
        "shallow": true,
        "type": "git",
        "url": "https://github.com/pr0d1r2/xenolith"
      }
    }
  },
  "root": "root",
  "version": 7
}
